
Microsoft Visual Studio Solution File, Format Version 12.00
# Visual Studio 2012
Project("{FAE04EC0-301F-11D3-BF4B-00C04F79EFBC}") = "TrabalhoBanco2", "TrabalhoBanco2\TrabalhoBanco2.csproj", "{B676E13F-072B-455B-9247-D0254D28C130}"
EndProject
Global
	GlobalSection(SolutionConfigurationPlatforms) = preSolution
		Debug|Any CPU = Debug|Any CPU
		Release|Any CPU = Release|Any CPU
	EndGlobalSection
	GlobalSection(ProjectConfigurationPlatforms) = postSolution
		{B676E13F-072B-455B-9247-D0254D28C130}.Debug|Any CPU.ActiveCfg = Debug|Any CPU
		{B676E13F-072B-455B-9247-D0254D28C130}.Debug|Any CPU.Build.0 = Debug|Any CPU
		{B676E13F-072B-455B-9247-D0254D28C130}.Release|Any CPU.ActiveCfg = Release|Any CPU
		{B676E13F-072B-455B-9247-D0254D28C130}.Release|Any CPU.Build.0 = Release|Any CPU
	EndGlobalSection
	GlobalSection(SolutionProperties) = preSolution
		HideSolutionNode = FALSE
	EndGlobalSection
EndGlobal
